
Microsoft Visual Studio Solution File, Format Version 12.00
# Visual Studio Version 17
VisualStudioVersion = 17.5.001.0
MinimumVisualStudioVersion = 10.0.40219.1
Project("{9A19103F-16F7-4668-BE54-9A1E7A4F7556}") = "KienToolsver3", "KienToolsver3.csproj", "{A67C2E68-CB1B-4014-A482-5E69A6D6F4C9}"
EndProject
Global
	GlobalSection(SolutionConfigurationPlatforms) = preSolution
		Debug|Any CPU = Debug|Any CPU
		Release|Any CPU = Release|Any CPU
	EndGlobalSection
	GlobalSection(ProjectConfigurationPlatforms) = postSolution
		{A67C2E68-CB1B-4014-A482-5E69A6D6F4C9}.Debug|Any CPU.ActiveCfg = Debug|Any CPU
		{A67C2E68-CB1B-4014-A482-5E69A6D6F4C9}.Debug|Any CPU.Build.0 = Debug|Any CPU
		{A67C2E68-CB1B-4014-A482-5E69A6D6F4C9}.Release|Any CPU.ActiveCfg = Release|Any CPU
		{A67C2E68-CB1B-4014-A482-5E69A6D6F4C9}.Release|Any CPU.Build.0 = Release|Any CPU
	EndGlobalSection
	GlobalSection(SolutionProperties) = preSolution
		HideSolutionNode = FALSE
	EndGlobalSection
	GlobalSection(ExtensibilityGlobals) = postSolution
		SolutionGuid = {4FC5F0EB-F55A-44DA-85FB-CB1CB4E6D944}
	EndGlobalSection
EndGlobal
